// !$*UTF8*$!
{
	archiveVersion = 1;
	classes = {
	};
	objectVersion = 46;
	objects = {

/* Begin PBXBuildFile section */
		3A7E5A651EB2C1A600229BF0 /* main.cpp in Sources */ = {isa = PBXBuildFile; fileRef = 3A7E5A641EB2C1A600229BF0 /* main.cpp */; };
/* End PBXBuildFile section */

/* Begin PBXCopyFilesBuildPhase section */
		3A7E5A5F1EB2C1A600229BF0 /* CopyFiles */ = {
			isa = PBXCopyFilesBuildPhase;
			buildActionMask = 2147483647;
			dstPath = /usr/share/man/man1/;
			dstSubfolderSpec = 0;
			files = (
			);
			runOnlyForDeploymentPostprocessing = 1;
		};
/* End PBXCopyFilesBuildPhase section */

/* Begin PBXFileReference section */
		3A7E5A611EB2C1A600229BF0 /* College List */ = {isa = PBXFileReference; explicitFileType = "compiled.mach-o.executable"; includeInIndex = 0; path = "College List"; sourceTree = BUILT_PRODUCTS_DIR; };
		3A7E5A641EB2C1A600229BF0 /* main.cpp */ = {isa = PBXFileReference; lastKnownFileType = sourcecode.cpp.cpp; path = main.cpp; sourceTree = "<group>"; };
		3A7E5A6B1EB2C21600229BF0 /* Person.h */ = {isa = PBXFileReference; lastKnownFileType = sourcecode.c.h; path = Person.h; sourceTree = "<group>"; };
		3A7E5A6C1EB2C80100229BF0 /* CollegeEmployee.h */ = {isa = PBXFileReference; lastKnownFileType = sourcecode.c.h; path = CollegeEmployee.h; sourceTree = "<group>"; };
		3A7E5A6D1EB2CBC500229BF0 /* Faculty.h */ = {isa = PBXFileReference; lastKnownFileType = sourcecode.c.h; path = Faculty.h; sourceTree = "<group>"; };
		3A7E5A6E1EB2CEBB00229BF0 /* Student.h */ = {isa = PBXFileReference; lastKnownFileType = sourcecode.c.h; path = Student.h; sourceTree = "<group>"; };
/* End PBXFileReference section */

/* Begin PBXFrameworksBuildPhase section */
		3A7E5A5E1EB2C1A600229BF0 /* Frameworks */ = {
			isa = PBXFrameworksBuildPhase;
			buildActionMask = 2147483647;
			files = (
			);
			runOnlyForDeploymentPostprocessing = 0;
		};
/* End PBXFrameworksBuildPhase section */

/* Begin PBXGroup section */
		3A7E5A581EB2C1A600229BF0 = {
			isa = PBXGroup;
			children = (
				3A7E5A631EB2C1A600229BF0 /* College List */,
				3A7E5A621EB2C1A600229BF0 /* Products */,
			);
			sourceTree = "<group>";
		};
		3A7E5A621EB2C1A600229BF0 /* Products */ = {
			isa = PBXGroup;
			children = (
				3A7E5A611EB2C1A600229BF0 /* College List */,
			);
			name = Products;
			sourceTree = "<group>";
		};
		3A7E5A631EB2C1A600229BF0 /* College List */ = {
			isa = PBXGroup;
			children = (
				3A7E5A641EB2C1A600229BF0 /* main.cpp */,
				3A7E5A6B1EB2C21600229BF0 /* Person.h */,
				3A7E5A6C1EB2C80100229BF0 /* CollegeEmployee.h */,
				3A7E5A6D1EB2CBC500229BF0 /* Faculty.h */,
				3A7E5A6E1EB2CEBB00229BF0 /* Student.h */,
			);
			path = "College List";
			sourceTree = "<group>";
		};
/* End PBXGroup section */

/* Begin PBXNativeTarget section */
		3A7E5A601EB2C1A600229BF0 /* College List */ = {
			isa = PBXNativeTarget;
			buildConfigurationList = 3A7E5A681EB2C1A600229BF0 /* Build configuration list for PBXNativeTarget "College List" */;
			buildPhases = (
				3A7E5A5D1EB2C1A600229BF0 /* Sources */,
				3A7E5A5E1EB2C1A600229BF0 /* Frameworks */,
				3A7E5A5F1EB2C1A600229BF0 /* CopyFiles */,
			);
			buildRules = (
			);
			dependencies = (
			);
			name = "College List";
			productName = "College List";
			productReference = 3A7E5A611EB2C1A600229BF0 /* College List */;
			productType = "com.apple.product-type.tool";
		};
/* End PBXNativeTarget section */

/* Begin PBXProject section */
		3A7E5A591EB2C1A600229BF0 /* Project object */ = {
			isa = PBXProject;
			attributes = {
				LastUpgradeCheck = 0720;
				ORGANIZATIONNAME = "Murtaza Oklu";
				TargetAttributes = {
					3A7E5A601EB2C1A600229BF0 = {
						CreatedOnToolsVersion = 7.2.1;
					};
				};
			};
			buildConfigurationList = 3A7E5A5C1EB2C1A600229BF0 /* Build configuration list for PBXProject "College List" */;
			compatibilityVersion = "Xcode 3.2";
			developmentRegion = English;
			hasScannedForEncodings = 0;
			knownRegions = (
				en,
			);
			mainGroup = 3A7E5A581EB2C1A600229BF0;
			productRefGroup = 3A7E5A621EB2C1A600229BF0 /* Products */;
			projectDirPath = "";
			projectRoot = "";
			targets = (
				3A7E5A601EB2C1A600229BF0 /* College List */,
			);
		};
/* End PBXProject section */

/* Begin PBXSourcesBuildPhase section */
		3A7E5A5D1EB2C1A600229BF0 /* Sources */ = {
			isa = PBXSourcesBuildPhase;
			buildActionMask = 2147483647;
			files = (
				3A7E5A651EB2C1A600229BF0 /* main.cpp in Sources */,
			);
			runOnlyForDeploymentPostprocessing = 0;
		};
/* End PBXSourcesBuildPhase section */

/* Begin XCBuildConfiguration section */
		3A7E5A661EB2C1A600229BF0 /* Debug */ = {
			isa = XCBuildConfiguration;
			buildSettings = {
				ALWAYS_SEARCH_USER_PATHS = NO;
				CLANG_CXX_LANGUAGE_STANDARD = "gnu++0x";
				CLANG_CXX_LIBRARY = "libc++";
				CLANG_ENABLE_MODULES = YES;
				CLANG_ENABLE_OBJC_ARC = YES;
				CLANG_WARN_BOOL_CONVERSION = YES;
				CLANG_WARN_CONSTANT_CONVERSION = YES;
				CLANG_WARN_DIRECT_OBJC_ISA_USAGE = YES_ERROR;
				CLANG_WARN_EMPTY_BODY = YES;
				CLANG_WARN_ENUM_CONVERSION = YES;
				CLANG_WARN_INT_CONVERSION = YES;
				CLANG_WARN_OBJC_ROOT_CLASS = YES_ERROR;
				CLANG_WARN_UNREACHABLE_CODE = YES;
				CLANG_WARN__DUPLICATE_METHOD_MATCH = YES;
				CODE_SIGN_IDENTITY = "-";
				COPY_PHASE_STRIP = NO;
				DEBUG_INFORMATION_FORMAT = dwarf;
				ENABLE_STRICT_OBJC_MSGSEND = YES;
				ENABLE_TESTABILITY = YES;
				GCC_C_LANGUAGE_STANDARD = gnu99;
				GCC_DYNAMIC_NO_PIC = NO;
				GCC_NO_COMMON_BLOCKS = YES;
				GCC_OPTIMIZATION_LEVEL = 0;
				GCC_PREPROCESSOR_DEFINITIONS = (
					"DEBUG=1",
					"$(inherited)",
				);
				GCC_WARN_64_TO_32_BIT_CONVERSION = YES;
				GCC_WARN_ABOUT_RETURN_TYPE = YES_ERROR;
				GCC_WARN_UNDECLARED_SELECTOR = YES;
				GCC_WARN_UNINITIALIZED_AUTOS = YES_AGGRESSIVE;
				GCC_WARN_UNUSED_FUNCTION = YES;
				GCC_WARN_UNUSED_VARIABLE = YES;
				MACOSX_DEPLOYMENT_TARGET = 10.10;
				MTL_ENABLE_DEBUG_INFO = YES;
				ONLY_ACTIVE_ARCH = YES;
				SDKROOT = macosx;
			};
			name = Debug;
		};
		3A7E5A671EB2C1A600229BF0 /* Release */ = {
			isa = XCBuildConfiguration;
			buildSettings = {
				ALWAYS_SEARCH_USER_PATHS = NO;
				CLANG_CXX_LANGUAGE_STANDARD = "gnu++0x";
				CLANG_CXX_LIBRARY = "libc++";
				CLANG_ENABLE_MODULES = YES;
				CLANG_ENABLE_OBJC_ARC = YES;
				CLANG_WARN_BOOL_CONVERSION = YES;
				CLANG_WARN_CONSTANT_CONVERSION = YES;
				CLANG_WARN_DIRECT_OBJC_ISA_USAGE = YES_ERROR;
				CLANG_WARN_EMPTY_BODY = YES;
				CLANG_WARN_ENUM_CONVERSION = YES;
				CLANG_WARN_INT_CONVERSION = YES;
				CLANG_WARN_OBJC_ROOT_CLASS = YES_ERROR;
				CLANG_WARN_UNREACHABLE_CODE = YES;
				CLANG_WARN__DUPLICATE_METHOD_MATCH = YES;
				CODE_SIGN_IDENTITY = "-";
				COPY_PHASE_STRIP = NO;
				DEBUG_INFORMATION_FORMAT = "dwarf-with-dsym";
				ENABLE_NS_ASSERTIONS = NO;
				ENABLE_STRICT_OBJC_MSGSEND = YES;
				GCC_C_LANGUAGE_STANDARD = gnu99;
				GCC_NO_COMMON_BLOCKS = YES;
				GCC_WARN_64_TO_32_BIT_CONVERSION = YES;
				GCC_WARN_ABOUT_RETURN_TYPE = YES_ERROR;
				GCC_WARN_UNDECLARED_SELECTOR = YES;
				GCC_WARN_UNINITIALIZED_AUTOS = YES_AGGRESSIVE;
				GCC_WARN_UNUSED_FUNCTION = YES;
				GCC_WARN_UNUSED_VARIABLE = YES;
				MACOSX_DEPLOYMENT_TARGET = 10.10;
				MTL_ENABLE_DEBUG_INFO = NO;
				SDKROOT = macosx;
			};
			name = Release;
		};
		3A7E5A691EB2C1A600229BF0 /* Debug */ = {
			isa = XCBuildConfiguration;
			buildSettings = {
				PRODUCT_NAME = "$(TARGET_NAME)";
			};
			name = Debug;
		};
		3A7E5A6A1EB2C1A600229BF0 /* Release */ = {
			isa = XCBuildConfiguration;
			buildSettings = {
				PRODUCT_NAME = "$(TARGET_NAME)";
			};
			name = Release;
		};
/* End XCBuildConfiguration section */

/* Begin XCConfigurationList section */
		3A7E5A5C1EB2C1A600229BF0 /* Build configuration list for PBXProject "College List" */ = {
			isa = XCConfigurationList;
			buildConfigurations = (
				3A7E5A661EB2C1A600229BF0 /* Debug */,
				3A7E5A671EB2C1A600229BF0 /* Release */,
			);
			defaultConfigurationIsVisible = 0;
			defaultConfigurationName = Release;
		};
		3A7E5A681EB2C1A600229BF0 /* Build configuration list for PBXNativeTarget "College List" */ = {
			isa = XCConfigurationList;
			buildConfigurations = (
				3A7E5A691EB2C1A600229BF0 /* Debug */,
				3A7E5A6A1EB2C1A600229BF0 /* Release */,
			);
			defaultConfigurationIsVisible = 0;
		};
/* End XCConfigurationList section */
	};
	rootObject = 3A7E5A591EB2C1A600229BF0 /* Project object */;
}
